// !$*UTF8*$!
{
	archiveVersion = 1;
	classes = {
	};
	objectVersion = 54;
	objects = {

/* Begin PBXBuildFile section */
		240B36A428BCC7E400E5AAB4 /* AuthenticationView.swift in Sources */ = {isa = PBXBuildFile; fileRef = 240B36A328BCC7E400E5AAB4 /* AuthenticationView.swift */; };
		240B36A828BCC82B00E5AAB4 /* TermsView.swift in Sources */ = {isa = PBXBuildFile; fileRef = 240B36A728BCC82B00E5AAB4 /* TermsView.swift */; };
		24C515A428BCC3BB00E5F892 /* LocateApp.swift in Sources */ = {isa = PBXBuildFile; fileRef = 24C515A328BCC3BB00E5F892 /* LocateApp.swift */; };
		24C515A628BCC3BB00E5F892 /* ContentView.swift in Sources */ = {isa = PBXBuildFile; fileRef = 24C515A528BCC3BB00E5F892 /* ContentView.swift */; };
		24C515A828BCC3BD00E5F892 /* Assets.xcassets in Resources */ = {isa = PBXBuildFile; fileRef = 24C515A728BCC3BD00E5F892 /* Assets.xcassets */; };
		24C515AB28BCC3BD00E5F892 /* Preview Assets.xcassets in Resources */ = {isa = PBXBuildFile; fileRef = 24C515AA28BCC3BD00E5F892 /* Preview Assets.xcassets */; };
		24C515B428BCC3F900E5F892 /* Color+Custom.swift in Sources */ = {isa = PBXBuildFile; fileRef = 24C515B328BCC3F900E5F892 /* Color+Custom.swift */; };
		24C515B828BCC41400E5F892 /* BackgroundView.swift in Sources */ = {isa = PBXBuildFile; fileRef = 24C515B728BCC41400E5F892 /* BackgroundView.swift */; };
/* End PBXBuildFile section */

/* Begin PBXFileReference section */
		240B36A328BCC7E400E5AAB4 /* AuthenticationView.swift */ = {isa = PBXFileReference; lastKnownFileType = sourcecode.swift; path = AuthenticationView.swift; sourceTree = "<group>"; };
		240B36A728BCC82B00E5AAB4 /* TermsView.swift */ = {isa = PBXFileReference; lastKnownFileType = sourcecode.swift; path = TermsView.swift; sourceTree = "<group>"; };
		24C515A028BCC3BB00E5F892 /* Locate.app */ = {isa = PBXFileReference; explicitFileType = wrapper.application; includeInIndex = 0; path = Locate.app; sourceTree = BUILT_PRODUCTS_DIR; };
		24C515A328BCC3BB00E5F892 /* LocateApp.swift */ = {isa = PBXFileReference; lastKnownFileType = sourcecode.swift; path = LocateApp.swift; sourceTree = "<group>"; };
		24C515A528BCC3BB00E5F892 /* ContentView.swift */ = {isa = PBXFileReference; lastKnownFileType = sourcecode.swift; path = ContentView.swift; sourceTree = "<group>"; };
		24C515A728BCC3BD00E5F892 /* Assets.xcassets */ = {isa = PBXFileReference; lastKnownFileType = folder.assetcatalog; path = Assets.xcassets; sourceTree = "<group>"; };
		24C515AA28BCC3BD00E5F892 /* Preview Assets.xcassets */ = {isa = PBXFileReference; lastKnownFileType = folder.assetcatalog; path = "Preview Assets.xcassets"; sourceTree = "<group>"; };
		24C515B328BCC3F900E5F892 /* Color+Custom.swift */ = {isa = PBXFileReference; fileEncoding = 4; lastKnownFileType = sourcecode.swift; path = "Color+Custom.swift"; sourceTree = "<group>"; };
		24C515B728BCC41400E5F892 /* BackgroundView.swift */ = {isa = PBXFileReference; fileEncoding = 4; lastKnownFileType = sourcecode.swift; path = BackgroundView.swift; sourceTree = "<group>"; };
/* End PBXFileReference section */

/* Begin PBXFrameworksBuildPhase section */
		24C5159D28BCC3BB00E5F892 /* Frameworks */ = {
			isa = PBXFrameworksBuildPhase;
			buildActionMask = 2147483647;
			files = (
			);
			runOnlyForDeploymentPostprocessing = 0;
		};
/* End PBXFrameworksBuildPhase section */

/* Begin PBXGroup section */
		240B36A528BCC7EA00E5AAB4 /* Authentication */ = {
			isa = PBXGroup;
			children = (
				240B36A328BCC7E400E5AAB4 /* AuthenticationView.swift */,
				240B36A728BCC82B00E5AAB4 /* TermsView.swift */,
			);
			path = Authentication;
			sourceTree = "<group>";
		};
		240B36A628BCC7FD00E5AAB4 /* Screens */ = {
			isa = PBXGroup;
			children = (
				240B36A528BCC7EA00E5AAB4 /* Authentication */,
			);
			path = Screens;
			sourceTree = "<group>";
		};
		24C5159728BCC3BB00E5F892 = {
			isa = PBXGroup;
			children = (
				24C515A228BCC3BB00E5F892 /* Locate */,
				24C515A128BCC3BB00E5F892 /* Products */,
			);
			sourceTree = "<group>";
		};
		24C515A128BCC3BB00E5F892 /* Products */ = {
			isa = PBXGroup;
			children = (
				24C515A028BCC3BB00E5F892 /* Locate.app */,
			);
			name = Products;
			sourceTree = "<group>";
		};
		24C515A228BCC3BB00E5F892 /* Locate */ = {
			isa = PBXGroup;
			children = (
				24C515A328BCC3BB00E5F892 /* LocateApp.swift */,
				24C515A528BCC3BB00E5F892 /* ContentView.swift */,
				240B36A628BCC7FD00E5AAB4 /* Screens */,
				24C515B528BCC41400E5F892 /* Views */,
				24C515B128BCC3F900E5F892 /* Utilities */,
				24C515A728BCC3BD00E5F892 /* Assets.xcassets */,
				24C515A928BCC3BD00E5F892 /* Preview Content */,
			);
			path = Locate;
			sourceTree = "<group>";
		};
		24C515A928BCC3BD00E5F892 /* Preview Content */ = {
			isa = PBXGroup;
			children = (
				24C515AA28BCC3BD00E5F892 /* Preview Assets.xcassets */,
			);
			path = "Preview Content";
			sourceTree = "<group>";
		};
		24C515B128BCC3F900E5F892 /* Utilities */ = {
			isa = PBXGroup;
			children = (
				24C515B228BCC3F900E5F892 /* Extensions */,
			);
			path = Utilities;
			sourceTree = "<group>";
		};
		24C515B228BCC3F900E5F892 /* Extensions */ = {
			isa = PBXGroup;
			children = (
				24C515B328BCC3F900E5F892 /* Color+Custom.swift */,
			);
			path = Extensions;
			sourceTree = "<group>";
		};
		24C515B528BCC41400E5F892 /* Views */ = {
			isa = PBXGroup;
			children = (
				24C515B628BCC41400E5F892 /* Shapes */,
				24C515B728BCC41400E5F892 /* BackgroundView.swift */,
			);
			path = Views;
			sourceTree = "<group>";
		};
		24C515B628BCC41400E5F892 /* Shapes */ = {
			isa = PBXGroup;
			children = (
			);
			path = Shapes;
			sourceTree = "<group>";
		};
/* End PBXGroup section */

/* Begin PBXNativeTarget section */
		24C5159F28BCC3BB00E5F892 /* Locate */ = {
			isa = PBXNativeTarget;
			buildConfigurationList = 24C515AE28BCC3BD00E5F892 /* Build configuration list for PBXNativeTarget "Locate" */;
			buildPhases = (
				24C5159C28BCC3BB00E5F892 /* Sources */,
				24C5159D28BCC3BB00E5F892 /* Frameworks */,
				24C5159E28BCC3BB00E5F892 /* Resources */,
			);
			buildRules = (
			);
			dependencies = (
			);
			name = Locate;
			productName = Locate;
			productReference = 24C515A028BCC3BB00E5F892 /* Locate.app */;
			productType = "com.apple.product-type.application";
		};
/* End PBXNativeTarget section */

/* Begin PBXProject section */
		24C5159828BCC3BB00E5F892 /* Project object */ = {
			isa = PBXProject;
			attributes = {
				BuildIndependentTargetsInParallel = 1;
				LastSwiftUpdateCheck = 1340;
				LastUpgradeCheck = 1340;
				TargetAttributes = {
					24C5159F28BCC3BB00E5F892 = {
						CreatedOnToolsVersion = 13.4.1;
					};
				};
			};
			buildConfigurationList = 24C5159B28BCC3BB00E5F892 /* Build configuration list for PBXProject "Locate" */;
			compatibilityVersion = "Xcode 12.0";
			developmentRegion = en;
			hasScannedForEncodings = 0;
			knownRegions = (
				en,
				Base,
			);
			mainGroup = 24C5159728BCC3BB00E5F892;
			productRefGroup = 24C515A128BCC3BB00E5F892 /* Products */;
			projectDirPath = "";
			projectRoot = "";
			targets = (
				24C5159F28BCC3BB00E5F892 /* Locate */,
			);
		};
/* End PBXProject section */

/* Begin PBXResourcesBuildPhase section */
		24C5159E28BCC3BB00E5F892 /* Resources */ = {
			isa = PBXResourcesBuildPhase;
			buildActionMask = 2147483647;
			files = (
				24C515AB28BCC3BD00E5F892 /* Preview Assets.xcassets in Resources */,
				24C515A828BCC3BD00E5F892 /* Assets.xcassets in Resources */,
			);
			runOnlyForDeploymentPostprocessing = 0;
		};
/* End PBXResourcesBuildPhase section */

/* Begin PBXSourcesBuildPhase section */
		24C5159C28BCC3BB00E5F892 /* Sources */ = {
			isa = PBXSourcesBuildPhase;
			buildActionMask = 2147483647;
			files = (
				24C515B428BCC3F900E5F892 /* Color+Custom.swift in Sources */,
				24C515A628BCC3BB00E5F892 /* ContentView.swift in Sources */,
				24C515B828BCC41400E5F892 /* BackgroundView.swift in Sources */,
				24C515A428BCC3BB00E5F892 /* LocateApp.swift in Sources */,
				240B36A828BCC82B00E5AAB4 /* TermsView.swift in Sources */,
				240B36A428BCC7E400E5AAB4 /* AuthenticationView.swift in Sources */,
			);
			runOnlyForDeploymentPostprocessing = 0;
		};
/* End PBXSourcesBuildPhase section */

/* Begin XCBuildConfiguration section */
		24C515AC28BCC3BD00E5F892 /* Debug */ = {
			isa = XCBuildConfiguration;
			buildSettings = {
				ALWAYS_SEARCH_USER_PATHS = NO;
				CLANG_ANALYZER_NONNULL = YES;
				CLANG_ANALYZER_NUMBER_OBJECT_CONVERSION = YES_AGGRESSIVE;
				CLANG_CXX_LANGUAGE_STANDARD = "gnu++17";
				CLANG_ENABLE_MODULES = YES;
				CLANG_ENABLE_OBJC_ARC = YES;
				CLANG_ENABLE_OBJC_WEAK = YES;
				CLANG_WARN_BLOCK_CAPTURE_AUTORELEASING = YES;
				CLANG_WARN_BOOL_CONVERSION = YES;
				CLANG_WARN_COMMA = YES;
				CLANG_WARN_CONSTANT_CONVERSION = YES;
				CLANG_WARN_DEPRECATED_OBJC_IMPLEMENTATIONS = YES;
				CLANG_WARN_DIRECT_OBJC_ISA_USAGE = YES_ERROR;
				CLANG_WARN_DOCUMENTATION_COMMENTS = YES;
				CLANG_WARN_EMPTY_BODY = YES;
				CLANG_WARN_ENUM_CONVERSION = YES;
				CLANG_WARN_INFINITE_RECURSION = YES;
				CLANG_WARN_INT_CONVERSION = YES;
				CLANG_WARN_NON_LITERAL_NULL_CONVERSION = YES;
				CLANG_WARN_OBJC_IMPLICIT_RETAIN_SELF = YES;
				CLANG_WARN_OBJC_LITERAL_CONVERSION = YES;
				CLANG_WARN_OBJC_ROOT_CLASS = YES_ERROR;
				CLANG_WARN_QUOTED_INCLUDE_IN_FRAMEWORK_HEADER = YES;
				CLANG_WARN_RANGE_LOOP_ANALYSIS = YES;
				CLANG_WARN_STRICT_PROTOTYPES = YES;
				CLANG_WARN_SUSPICIOUS_MOVE = YES;
				CLANG_WARN_UNGUARDED_AVAILABILITY = YES_AGGRESSIVE;
				CLANG_WARN_UNREACHABLE_CODE = YES;
				CLANG_WARN__DUPLICATE_METHOD_MATCH = YES;
				COPY_PHASE_STRIP = NO;
				DEBUG_INFORMATION_FORMAT = dwarf;
				ENABLE_STRICT_OBJC_MSGSEND = YES;
				ENABLE_TESTABILITY = YES;
				GCC_C_LANGUAGE_STANDARD = gnu11;
				GCC_DYNAMIC_NO_PIC = NO;
				GCC_NO_COMMON_BLOCKS = YES;
				GCC_OPTIMIZATION_LEVEL = 0;
				GCC_PREPROCESSOR_DEFINITIONS = (
					"DEBUG=1",
					"$(inherited)",
				);
				GCC_WARN_64_TO_32_BIT_CONVERSION = YES;
				GCC_WARN_ABOUT_RETURN_TYPE = YES_ERROR;
				GCC_WARN_UNDECLARED_SELECTOR = YES;
				GCC_WARN_UNINITIALIZED_AUTOS = YES_AGGRESSIVE;
				GCC_WARN_UNUSED_FUNCTION = YES;
				GCC_WARN_UNUSED_VARIABLE = YES;
				IPHONEOS_DEPLOYMENT_TARGET = 15.5;
				MTL_ENABLE_DEBUG_INFO = INCLUDE_SOURCE;
				MTL_FAST_MATH = YES;
				ONLY_ACTIVE_ARCH = YES;
				SDKROOT = iphoneos;
				SWIFT_ACTIVE_COMPILATION_CONDITIONS = DEBUG;
				SWIFT_OPTIMIZATION_LEVEL = "-Onone";
			};
			name = Debug;
		};
		24C515AD28BCC3BD00E5F892 /* Release */ = {
			isa = XCBuildConfiguration;
			buildSettings = {
				ALWAYS_SEARCH_USER_PATHS = NO;
				CLANG_ANALYZER_NONNULL = YES;
				CLANG_ANALYZER_NUMBER_OBJECT_CONVERSION = YES_AGGRESSIVE;
				CLANG_CXX_LANGUAGE_STANDARD = "gnu++17";
				CLANG_ENABLE_MODULES = YES;
				CLANG_ENABLE_OBJC_ARC = YES;
				CLANG_ENABLE_OBJC_WEAK = YES;
				CLANG_WARN_BLOCK_CAPTURE_AUTORELEASING = YES;
				CLANG_WARN_BOOL_CONVERSION = YES;
				CLANG_WARN_COMMA = YES;
				CLANG_WARN_CONSTANT_CONVERSION = YES;
				CLANG_WARN_DEPRECATED_OBJC_IMPLEMENTATIONS = YES;
				CLANG_WARN_DIRECT_OBJC_ISA_USAGE = YES_ERROR;
				CLANG_WARN_DOCUMENTATION_COMMENTS = YES;
				CLANG_WARN_EMPTY_BODY = YES;
				CLANG_WARN_ENUM_CONVERSION = YES;
				CLANG_WARN_INFINITE_RECURSION = YES;
				CLANG_WARN_INT_CONVERSION = YES;
				CLANG_WARN_NON_LITERAL_NULL_CONVERSION = YES;
				CLANG_WARN_OBJC_IMPLICIT_RETAIN_SELF = YES;
				CLANG_WARN_OBJC_LITERAL_CONVERSION = YES;
				CLANG_WARN_OBJC_ROOT_CLASS = YES_ERROR;
				CLANG_WARN_QUOTED_INCLUDE_IN_FRAMEWORK_HEADER = YES;
				CLANG_WARN_RANGE_LOOP_ANALYSIS = YES;
				CLANG_WARN_STRICT_PROTOTYPES = YES;
				CLANG_WARN_SUSPICIOUS_MOVE = YES;
				CLANG_WARN_UNGUARDED_AVAILABILITY = YES_AGGRESSIVE;
				CLANG_WARN_UNREACHABLE_CODE = YES;
				CLANG_WARN__DUPLICATE_METHOD_MATCH = YES;
				COPY_PHASE_STRIP = NO;
				DEBUG_INFORMATION_FORMAT = "dwarf-with-dsym";
				ENABLE_NS_ASSERTIONS = NO;
				ENABLE_STRICT_OBJC_MSGSEND = YES;
				GCC_C_LANGUAGE_STANDARD = gnu11;
				GCC_NO_COMMON_BLOCKS = YES;
				GCC_WARN_64_TO_32_BIT_CONVERSION = YES;
				GCC_WARN_ABOUT_RETURN_TYPE = YES_ERROR;
				GCC_WARN_UNDECLARED_SELECTOR = YES;
				GCC_WARN_UNINITIALIZED_AUTOS = YES_AGGRESSIVE;
				GCC_WARN_UNUSED_FUNCTION = YES;
				GCC_WARN_UNUSED_VARIABLE = YES;
				IPHONEOS_DEPLOYMENT_TARGET = 15.5;
				MTL_ENABLE_DEBUG_INFO = NO;
				MTL_FAST_MATH = YES;
				SDKROOT = iphoneos;
				SWIFT_COMPILATION_MODE = wholemodule;
				SWIFT_OPTIMIZATION_LEVEL = "-O";
				VALIDATE_PRODUCT = YES;
			};
			name = Release;
		};
		24C515AF28BCC3BD00E5F892 /* Debug */ = {
			isa = XCBuildConfiguration;
			buildSettings = {
				ASSETCATALOG_COMPILER_APPICON_NAME = AppIcon;
				ASSETCATALOG_COMPILER_GLOBAL_ACCENT_COLOR_NAME = AccentColor;
				CODE_SIGN_STYLE = Automatic;
				CURRENT_PROJECT_VERSION = 1;
				DEVELOPMENT_ASSET_PATHS = "\"Locate/Preview Content\"";
				DEVELOPMENT_TEAM = G7T599BH7B;
				ENABLE_PREVIEWS = YES;
				GENERATE_INFOPLIST_FILE = YES;
				INFOPLIST_KEY_UIApplicationSceneManifest_Generation = YES;
				INFOPLIST_KEY_UIApplicationSupportsIndirectInputEvents = YES;
				INFOPLIST_KEY_UILaunchScreen_Generation = YES;
				INFOPLIST_KEY_UISupportedInterfaceOrientations = UIInterfaceOrientationPortrait;
				INFOPLIST_KEY_UISupportedInterfaceOrientations_iPad = "UIInterfaceOrientationPortrait UIInterfaceOrientationPortraitUpsideDown UIInterfaceOrientationLandscapeLeft UIInterfaceOrientationLandscapeRight";
				INFOPLIST_KEY_UISupportedInterfaceOrientations_iPhone = "UIInterfaceOrientationPortrait UIInterfaceOrientationLandscapeLeft UIInterfaceOrientationLandscapeRight";
				LD_RUNPATH_SEARCH_PATHS = (
					"$(inherited)",
					"@executable_path/Frameworks",
				);
				MARKETING_VERSION = 1.0;
				PRODUCT_BUNDLE_IDENTIFIER = raul.banut.Locate;
				PRODUCT_NAME = "$(TARGET_NAME)";
				SWIFT_EMIT_LOC_STRINGS = YES;
				SWIFT_VERSION = 5.0;
				TARGETED_DEVICE_FAMILY = 1;
			};
			name = Debug;
		};
		24C515B028BCC3BD00E5F892 /* Release */ = {
			isa = XCBuildConfiguration;
			buildSettings = {
				ASSETCATALOG_COMPILER_APPICON_NAME = AppIcon;
				ASSETCATALOG_COMPILER_GLOBAL_ACCENT_COLOR_NAME = AccentColor;
				CODE_SIGN_STYLE = Automatic;
				CURRENT_PROJECT_VERSION = 1;
				DEVELOPMENT_ASSET_PATHS = "\"Locate/Preview Content\"";
				DEVELOPMENT_TEAM = G7T599BH7B;
				ENABLE_PREVIEWS = YES;
				GENERATE_INFOPLIST_FILE = YES;
				INFOPLIST_KEY_UIApplicationSceneManifest_Generation = YES;
				INFOPLIST_KEY_UIApplicationSupportsIndirectInputEvents = YES;
				INFOPLIST_KEY_UILaunchScreen_Generation = YES;
				INFOPLIST_KEY_UISupportedInterfaceOrientations = UIInterfaceOrientationPortrait;
				INFOPLIST_KEY_UISupportedInterfaceOrientations_iPad = "UIInterfaceOrientationPortrait UIInterfaceOrientationPortraitUpsideDown UIInterfaceOrientationLandscapeLeft UIInterfaceOrientationLandscapeRight";
				INFOPLIST_KEY_UISupportedInterfaceOrientations_iPhone = "UIInterfaceOrientationPortrait UIInterfaceOrientationLandscapeLeft UIInterfaceOrientationLandscapeRight";
				LD_RUNPATH_SEARCH_PATHS = (
					"$(inherited)",
					"@executable_path/Frameworks",
				);
				MARKETING_VERSION = 1.0;
				PRODUCT_BUNDLE_IDENTIFIER = raul.banut.Locate;
				PRODUCT_NAME = "$(TARGET_NAME)";
				SWIFT_EMIT_LOC_STRINGS = YES;
				SWIFT_VERSION = 5.0;
				TARGETED_DEVICE_FAMILY = 1;
			};
			name = Release;
		};
/* End XCBuildConfiguration section */

/* Begin XCConfigurationList section */
		24C5159B28BCC3BB00E5F892 /* Build configuration list for PBXProject "Locate" */ = {
			isa = XCConfigurationList;
			buildConfigurations = (
				24C515AC28BCC3BD00E5F892 /* Debug */,
				24C515AD28BCC3BD00E5F892 /* Release */,
			);
			defaultConfigurationIsVisible = 0;
			defaultConfigurationName = Release;
		};
		24C515AE28BCC3BD00E5F892 /* Build configuration list for PBXNativeTarget "Locate" */ = {
			isa = XCConfigurationList;
			buildConfigurations = (
				24C515AF28BCC3BD00E5F892 /* Debug */,
				24C515B028BCC3BD00E5F892 /* Release */,
			);
			defaultConfigurationIsVisible = 0;
			defaultConfigurationName = Release;
		};
/* End XCConfigurationList section */
	};
	rootObject = 24C5159828BCC3BB00E5F892 /* Project object */;
}
